// !$*UTF8*$!
{
	archiveVersion = 1;
	classes = {
	};
	objectVersion = 48;
	objects = {

/* Begin PBXBuildFile section */
		2085E48E225D27C800B1ED0E /* AppDelegate.swift in Sources */ = {isa = PBXBuildFile; fileRef = 2085E48D225D27C800B1ED0E /* AppDelegate.swift */; };
		2085E490225D27C800B1ED0E /* ViewController.swift in Sources */ = {isa = PBXBuildFile; fileRef = 2085E48F225D27C800B1ED0E /* ViewController.swift */; };
		2085E493225D27C800B1ED0E /* Main.storyboard in Resources */ = {isa = PBXBuildFile; fileRef = 2085E491225D27C800B1ED0E /* Main.storyboard */; };
		2085E495225D27C800B1ED0E /* Assets.xcassets in Resources */ = {isa = PBXBuildFile; fileRef = 2085E494225D27C800B1ED0E /* Assets.xcassets */; };
		2085E498225D27C800B1ED0E /* LaunchScreen.storyboard in Resources */ = {isa = PBXBuildFile; fileRef = 2085E496225D27C800B1ED0E /* LaunchScreen.storyboard */; };
		2085E4A0225D280100B1ED0E /* Shape.swift in Sources */ = {isa = PBXBuildFile; fileRef = 2085E49F225D280100B1ED0E /* Shape.swift */; };
		2085E4A2225D2B4F00B1ED0E /* Extensions.swift in Sources */ = {isa = PBXBuildFile; fileRef = 2085E4A1225D2B4F00B1ED0E /* Extensions.swift */; };
/* End PBXBuildFile section */

/* Begin PBXFileReference section */
		2085E48A225D27C800B1ED0E /* Day06.app */ = {isa = PBXFileReference; explicitFileType = wrapper.application; includeInIndex = 0; path = Day06.app; sourceTree = BUILT_PRODUCTS_DIR; };
		2085E48D225D27C800B1ED0E /* AppDelegate.swift */ = {isa = PBXFileReference; lastKnownFileType = sourcecode.swift; path = AppDelegate.swift; sourceTree = "<group>"; };
		2085E48F225D27C800B1ED0E /* ViewController.swift */ = {isa = PBXFileReference; lastKnownFileType = sourcecode.swift; path = ViewController.swift; sourceTree = "<group>"; };
		2085E492225D27C800B1ED0E /* Base */ = {isa = PBXFileReference; lastKnownFileType = file.storyboard; name = Base; path = Base.lproj/Main.storyboard; sourceTree = "<group>"; };
		2085E494225D27C800B1ED0E /* Assets.xcassets */ = {isa = PBXFileReference; lastKnownFileType = folder.assetcatalog; path = Assets.xcassets; sourceTree = "<group>"; };
		2085E497225D27C800B1ED0E /* Base */ = {isa = PBXFileReference; lastKnownFileType = file.storyboard; name = Base; path = Base.lproj/LaunchScreen.storyboard; sourceTree = "<group>"; };
		2085E499225D27C800B1ED0E /* Info.plist */ = {isa = PBXFileReference; lastKnownFileType = text.plist.xml; path = Info.plist; sourceTree = "<group>"; };
		2085E49F225D280100B1ED0E /* Shape.swift */ = {isa = PBXFileReference; lastKnownFileType = sourcecode.swift; path = Shape.swift; sourceTree = "<group>"; };
		2085E4A1225D2B4F00B1ED0E /* Extensions.swift */ = {isa = PBXFileReference; lastKnownFileType = sourcecode.swift; path = Extensions.swift; sourceTree = "<group>"; };
/* End PBXFileReference section */

/* Begin PBXFrameworksBuildPhase section */
		2085E487225D27C800B1ED0E /* Frameworks */ = {
			isa = PBXFrameworksBuildPhase;
			buildActionMask = 2147483647;
			files = (
			);
			runOnlyForDeploymentPostprocessing = 0;
		};
/* End PBXFrameworksBuildPhase section */

/* Begin PBXGroup section */
		2085E481225D27C800B1ED0E = {
			isa = PBXGroup;
			children = (
				2085E48C225D27C800B1ED0E /* Day06 */,
				2085E48B225D27C800B1ED0E /* Products */,
			);
			sourceTree = "<group>";
		};
		2085E48B225D27C800B1ED0E /* Products */ = {
			isa = PBXGroup;
			children = (
				2085E48A225D27C800B1ED0E /* Day06.app */,
			);
			name = Products;
			sourceTree = "<group>";
		};
		2085E48C225D27C800B1ED0E /* Day06 */ = {
			isa = PBXGroup;
			children = (
				2085E48D225D27C800B1ED0E /* AppDelegate.swift */,
				2085E48F225D27C800B1ED0E /* ViewController.swift */,
				2085E491225D27C800B1ED0E /* Main.storyboard */,
				2085E494225D27C800B1ED0E /* Assets.xcassets */,
				2085E496225D27C800B1ED0E /* LaunchScreen.storyboard */,
				2085E499225D27C800B1ED0E /* Info.plist */,
				2085E49F225D280100B1ED0E /* Shape.swift */,
				2085E4A1225D2B4F00B1ED0E /* Extensions.swift */,
			);
			path = Day06;
			sourceTree = "<group>";
		};
/* End PBXGroup section */

/* Begin PBXNativeTarget section */
		2085E489225D27C800B1ED0E /* Day06 */ = {
			isa = PBXNativeTarget;
			buildConfigurationList = 2085E49C225D27C800B1ED0E /* Build configuration list for PBXNativeTarget "Day06" */;
			buildPhases = (
				2085E486225D27C800B1ED0E /* Sources */,
				2085E487225D27C800B1ED0E /* Frameworks */,
				2085E488225D27C800B1ED0E /* Resources */,
			);
			buildRules = (
			);
			dependencies = (
			);
			name = Day06;
			productName = Day06;
			productReference = 2085E48A225D27C800B1ED0E /* Day06.app */;
			productType = "com.apple.product-type.application";
		};
/* End PBXNativeTarget section */

/* Begin PBXProject section */
		2085E482225D27C800B1ED0E /* Project object */ = {
			isa = PBXProject;
			attributes = {
				LastSwiftUpdateCheck = 0920;
				LastUpgradeCheck = 0920;
				ORGANIZATIONNAME = "Anastasiia VEREMIICHYK";
				TargetAttributes = {
					2085E489225D27C800B1ED0E = {
						CreatedOnToolsVersion = 9.2;
						ProvisioningStyle = Automatic;
					};
				};
			};
			buildConfigurationList = 2085E485225D27C800B1ED0E /* Build configuration list for PBXProject "Day06" */;
			compatibilityVersion = "Xcode 8.0";
			developmentRegion = en;
			hasScannedForEncodings = 0;
			knownRegions = (
				en,
				Base,
			);
			mainGroup = 2085E481225D27C800B1ED0E;
			productRefGroup = 2085E48B225D27C800B1ED0E /* Products */;
			projectDirPath = "";
			projectRoot = "";
			targets = (
				2085E489225D27C800B1ED0E /* Day06 */,
			);
		};
/* End PBXProject section */

/* Begin PBXResourcesBuildPhase section */
		2085E488225D27C800B1ED0E /* Resources */ = {
			isa = PBXResourcesBuildPhase;
			buildActionMask = 2147483647;
			files = (
				2085E498225D27C800B1ED0E /* LaunchScreen.storyboard in Resources */,
				2085E495225D27C800B1ED0E /* Assets.xcassets in Resources */,
				2085E493225D27C800B1ED0E /* Main.storyboard in Resources */,
			);
			runOnlyForDeploymentPostprocessing = 0;
		};
/* End PBXResourcesBuildPhase section */

/* Begin PBXSourcesBuildPhase section */
		2085E486225D27C800B1ED0E /* Sources */ = {
			isa = PBXSourcesBuildPhase;
			buildActionMask = 2147483647;
			files = (
				2085E490225D27C800B1ED0E /* ViewController.swift in Sources */,
				2085E4A0225D280100B1ED0E /* Shape.swift in Sources */,
				2085E48E225D27C800B1ED0E /* AppDelegate.swift in Sources */,
				2085E4A2225D2B4F00B1ED0E /* Extensions.swift in Sources */,
			);
			runOnlyForDeploymentPostprocessing = 0;
		};
/* End PBXSourcesBuildPhase section */

/* Begin PBXVariantGroup section */
		2085E491225D27C800B1ED0E /* Main.storyboard */ = {
			isa = PBXVariantGroup;
			children = (
				2085E492225D27C800B1ED0E /* Base */,
			);
			name = Main.storyboard;
			sourceTree = "<group>";
		};
		2085E496225D27C800B1ED0E /* LaunchScreen.storyboard */ = {
			isa = PBXVariantGroup;
			children = (
				2085E497225D27C800B1ED0E /* Base */,
			);
			name = LaunchScreen.storyboard;
			sourceTree = "<group>";
		};
/* End PBXVariantGroup section */

/* Begin XCBuildConfiguration section */
		2085E49A225D27C800B1ED0E /* Debug */ = {
			isa = XCBuildConfiguration;
			buildSettings = {
				ALWAYS_SEARCH_USER_PATHS = NO;
				CLANG_ANALYZER_NONNULL = YES;
				CLANG_ANALYZER_NUMBER_OBJECT_CONVERSION = YES_AGGRESSIVE;
				CLANG_CXX_LANGUAGE_STANDARD = "gnu++14";
				CLANG_CXX_LIBRARY = "libc++";
				CLANG_ENABLE_MODULES = YES;
				CLANG_ENABLE_OBJC_ARC = YES;
				CLANG_WARN_BLOCK_CAPTURE_AUTORELEASING = YES;
				CLANG_WARN_BOOL_CONVERSION = YES;
				CLANG_WARN_COMMA = YES;
				CLANG_WARN_CONSTANT_CONVERSION = YES;
				CLANG_WARN_DIRECT_OBJC_ISA_USAGE = YES_ERROR;
				CLANG_WARN_DOCUMENTATION_COMMENTS = YES;
				CLANG_WARN_EMPTY_BODY = YES;
				CLANG_WARN_ENUM_CONVERSION = YES;
				CLANG_WARN_INFINITE_RECURSION = YES;
				CLANG_WARN_INT_CONVERSION = YES;
				CLANG_WARN_NON_LITERAL_NULL_CONVERSION = YES;
				CLANG_WARN_OBJC_LITERAL_CONVERSION = YES;
				CLANG_WARN_OBJC_ROOT_CLASS = YES_ERROR;
				CLANG_WARN_RANGE_LOOP_ANALYSIS = YES;
				CLANG_WARN_STRICT_PROTOTYPES = YES;
				CLANG_WARN_SUSPICIOUS_MOVE = YES;
				CLANG_WARN_UNGUARDED_AVAILABILITY = YES_AGGRESSIVE;
				CLANG_WARN_UNREACHABLE_CODE = YES;
				CLANG_WARN__DUPLICATE_METHOD_MATCH = YES;
				CODE_SIGN_IDENTITY = "iPhone Developer";
				COPY_PHASE_STRIP = NO;
				DEBUG_INFORMATION_FORMAT = dwarf;
				ENABLE_STRICT_OBJC_MSGSEND = YES;
				ENABLE_TESTABILITY = YES;
				GCC_C_LANGUAGE_STANDARD = gnu11;
				GCC_DYNAMIC_NO_PIC = NO;
				GCC_NO_COMMON_BLOCKS = YES;
				GCC_OPTIMIZATION_LEVEL = 0;
				GCC_PREPROCESSOR_DEFINITIONS = (
					"DEBUG=1",
					"$(inherited)",
				);
				GCC_WARN_64_TO_32_BIT_CONVERSION = YES;
				GCC_WARN_ABOUT_RETURN_TYPE = YES_ERROR;
				GCC_WARN_UNDECLARED_SELECTOR = YES;
				GCC_WARN_UNINITIALIZED_AUTOS = YES_AGGRESSIVE;
				GCC_WARN_UNUSED_FUNCTION = YES;
				GCC_WARN_UNUSED_VARIABLE = YES;
				IPHONEOS_DEPLOYMENT_TARGET = 11.2;
				MTL_ENABLE_DEBUG_INFO = YES;
				ONLY_ACTIVE_ARCH = YES;
				SDKROOT = iphoneos;
				SWIFT_ACTIVE_COMPILATION_CONDITIONS = DEBUG;
				SWIFT_OPTIMIZATION_LEVEL = "-Onone";
			};
			name = Debug;
		};
		2085E49B225D27C800B1ED0E /* Release */ = {
			isa = XCBuildConfiguration;
			buildSettings = {
				ALWAYS_SEARCH_USER_PATHS = NO;
				CLANG_ANALYZER_NONNULL = YES;
				CLANG_ANALYZER_NUMBER_OBJECT_CONVERSION = YES_AGGRESSIVE;
				CLANG_CXX_LANGUAGE_STANDARD = "gnu++14";
				CLANG_CXX_LIBRARY = "libc++";
				CLANG_ENABLE_MODULES = YES;
				CLANG_ENABLE_OBJC_ARC = YES;
				CLANG_WARN_BLOCK_CAPTURE_AUTORELEASING = YES;
				CLANG_WARN_BOOL_CONVERSION = YES;
				CLANG_WARN_COMMA = YES;
				CLANG_WARN_CONSTANT_CONVERSION = YES;
				CLANG_WARN_DIRECT_OBJC_ISA_USAGE = YES_ERROR;
				CLANG_WARN_DOCUMENTATION_COMMENTS = YES;
				CLANG_WARN_EMPTY_BODY = YES;
				CLANG_WARN_ENUM_CONVERSION = YES;
				CLANG_WARN_INFINITE_RECURSION = YES;
				CLANG_WARN_INT_CONVERSION = YES;
				CLANG_WARN_NON_LITERAL_NULL_CONVERSION = YES;
				CLANG_WARN_OBJC_LITERAL_CONVERSION = YES;
				CLANG_WARN_OBJC_ROOT_CLASS = YES_ERROR;
				CLANG_WARN_RANGE_LOOP_ANALYSIS = YES;
				CLANG_WARN_STRICT_PROTOTYPES = YES;
				CLANG_WARN_SUSPICIOUS_MOVE = YES;
				CLANG_WARN_UNGUARDED_AVAILABILITY = YES_AGGRESSIVE;
				CLANG_WARN_UNREACHABLE_CODE = YES;
				CLANG_WARN__DUPLICATE_METHOD_MATCH = YES;
				CODE_SIGN_IDENTITY = "iPhone Developer";
				COPY_PHASE_STRIP = NO;
				DEBUG_INFORMATION_FORMAT = "dwarf-with-dsym";
				ENABLE_NS_ASSERTIONS = NO;
				ENABLE_STRICT_OBJC_MSGSEND = YES;
				GCC_C_LANGUAGE_STANDARD = gnu11;
				GCC_NO_COMMON_BLOCKS = YES;
				GCC_WARN_64_TO_32_BIT_CONVERSION = YES;
				GCC_WARN_ABOUT_RETURN_TYPE = YES_ERROR;
				GCC_WARN_UNDECLARED_SELECTOR = YES;
				GCC_WARN_UNINITIALIZED_AUTOS = YES_AGGRESSIVE;
				GCC_WARN_UNUSED_FUNCTION = YES;
				GCC_WARN_UNUSED_VARIABLE = YES;
				IPHONEOS_DEPLOYMENT_TARGET = 11.2;
				MTL_ENABLE_DEBUG_INFO = NO;
				SDKROOT = iphoneos;
				SWIFT_OPTIMIZATION_LEVEL = "-Owholemodule";
				VALIDATE_PRODUCT = YES;
			};
			name = Release;
		};
		2085E49D225D27C800B1ED0E /* Debug */ = {
			isa = XCBuildConfiguration;
			buildSettings = {
				ASSETCATALOG_COMPILER_APPICON_NAME = AppIcon;
				CODE_SIGN_STYLE = Automatic;
				INFOPLIST_FILE = Day06/Info.plist;
				LD_RUNPATH_SEARCH_PATHS = "$(inherited) @executable_path/Frameworks";
				PRODUCT_BUNDLE_IDENTIFIER = "Anastasiia-VEREMIICHYK.Day06";
				PRODUCT_NAME = "$(TARGET_NAME)";
				SWIFT_VERSION = 4.0;
				TARGETED_DEVICE_FAMILY = "1,2";
			};
			name = Debug;
		};
		2085E49E225D27C800B1ED0E /* Release */ = {
			isa = XCBuildConfiguration;
			buildSettings = {
				ASSETCATALOG_COMPILER_APPICON_NAME = AppIcon;
				CODE_SIGN_STYLE = Automatic;
				INFOPLIST_FILE = Day06/Info.plist;
				LD_RUNPATH_SEARCH_PATHS = "$(inherited) @executable_path/Frameworks";
				PRODUCT_BUNDLE_IDENTIFIER = "Anastasiia-VEREMIICHYK.Day06";
				PRODUCT_NAME = "$(TARGET_NAME)";
				SWIFT_VERSION = 4.0;
				TARGETED_DEVICE_FAMILY = "1,2";
			};
			name = Release;
		};
/* End XCBuildConfiguration section */

/* Begin XCConfigurationList section */
		2085E485225D27C800B1ED0E /* Build configuration list for PBXProject "Day06" */ = {
			isa = XCConfigurationList;
			buildConfigurations = (
				2085E49A225D27C800B1ED0E /* Debug */,
				2085E49B225D27C800B1ED0E /* Release */,
			);
			defaultConfigurationIsVisible = 0;
			defaultConfigurationName = Release;
		};
		2085E49C225D27C800B1ED0E /* Build configuration list for PBXNativeTarget "Day06" */ = {
			isa = XCConfigurationList;
			buildConfigurations = (
				2085E49D225D27C800B1ED0E /* Debug */,
				2085E49E225D27C800B1ED0E /* Release */,
			);
			defaultConfigurationIsVisible = 0;
			defaultConfigurationName = Release;
		};
/* End XCConfigurationList section */
	};
	rootObject = 2085E482225D27C800B1ED0E /* Project object */;
}
